
Microsoft Visual Studio Solution File, Format Version 12.00
# Visual Studio Version 16
VisualStudioVersion = 16.0.34031.81
MinimumVisualStudioVersion = 10.0.40219.1
Project("{FAE04EC0-301F-11D3-BF4B-00C04F79EFBC}") = "HelloService", "HelloService.csproj", "{DB11361A-E054-4722-BE51-41E854F17F59}"
EndProject
Project("{FAE04EC0-301F-11D3-BF4B-00C04F79EFBC}") = "HelloServiceHost", "..\HelloServiceHost\HelloServiceHost.csproj", "{2E05144A-3075-4133-A2C3-1BFD49BA19C7}"
EndProject
Global
	GlobalSection(SolutionConfigurationPlatforms) = preSolution
		Debug|Any CPU = Debug|Any CPU
		Release|Any CPU = Release|Any CPU
	EndGlobalSection
	GlobalSection(ProjectConfigurationPlatforms) = postSolution
		{DB11361A-E054-4722-BE51-41E854F17F59}.Debug|Any CPU.ActiveCfg = Debug|Any CPU
		{DB11361A-E054-4722-BE51-41E854F17F59}.Debug|Any CPU.Build.0 = Debug|Any CPU
		{DB11361A-E054-4722-BE51-41E854F17F59}.Release|Any CPU.ActiveCfg = Release|Any CPU
		{DB11361A-E054-4722-BE51-41E854F17F59}.Release|Any CPU.Build.0 = Release|Any CPU
		{2E05144A-3075-4133-A2C3-1BFD49BA19C7}.Debug|Any CPU.ActiveCfg = Debug|Any CPU
		{2E05144A-3075-4133-A2C3-1BFD49BA19C7}.Debug|Any CPU.Build.0 = Debug|Any CPU
		{2E05144A-3075-4133-A2C3-1BFD49BA19C7}.Release|Any CPU.ActiveCfg = Release|Any CPU
		{2E05144A-3075-4133-A2C3-1BFD49BA19C7}.Release|Any CPU.Build.0 = Release|Any CPU
	EndGlobalSection
	GlobalSection(SolutionProperties) = preSolution
		HideSolutionNode = FALSE
	EndGlobalSection
	GlobalSection(ExtensibilityGlobals) = postSolution
		SolutionGuid = {2E7B3263-F43A-4904-8934-88D2BEA803E5}
	EndGlobalSection
EndGlobal
