
Microsoft Visual Studio Solution File, Format Version 12.00
# Visual Studio Version 16
VisualStudioVersion = 16.0.34031.81
MinimumVisualStudioVersion = 10.0.40219.1
Project("{FAE04EC0-301F-11D3-BF4B-00C04F79EFBC}") = "HelloWebClient", "HelloWebClient.csproj", "{84C92163-BACA-4132-B25D-B0A57B71816B}"
EndProject
Global
	GlobalSection(SolutionConfigurationPlatforms) = preSolution
		Debug|Any CPU = Debug|Any CPU
		Release|Any CPU = Release|Any CPU
	EndGlobalSection
	GlobalSection(ProjectConfigurationPlatforms) = postSolution
		{84C92163-BACA-4132-B25D-B0A57B71816B}.Debug|Any CPU.ActiveCfg = Debug|Any CPU
		{84C92163-BACA-4132-B25D-B0A57B71816B}.Debug|Any CPU.Build.0 = Debug|Any CPU
		{84C92163-BACA-4132-B25D-B0A57B71816B}.Release|Any CPU.ActiveCfg = Release|Any CPU
		{84C92163-BACA-4132-B25D-B0A57B71816B}.Release|Any CPU.Build.0 = Release|Any CPU
	EndGlobalSection
	GlobalSection(SolutionProperties) = preSolution
		HideSolutionNode = FALSE
	EndGlobalSection
	GlobalSection(ExtensibilityGlobals) = postSolution
		SolutionGuid = {4D4F965F-D45D-4693-B099-724AFCC69090}
	EndGlobalSection
EndGlobal
